
Microsoft Visual Studio Solution File, Format Version 12.00
# Visual Studio Version 17
VisualStudioVersion = 17.10.34916.146
MinimumVisualStudioVersion = 10.0.40219.1
Project("{9A19103F-16F7-4668-BE54-9A1E7A4F7556}") = "FootBall.API", "FootBall.API\FootBall.API.csproj", "{749AB735-AA3C-4202-B863-6606B8789BC8}"
	ProjectSection(ProjectDependencies) = postProject
		{6C98399C-7891-4269-AC59-120FB9557F5F} = {6C98399C-7891-4269-AC59-120FB9557F5F}
	EndProjectSection
EndProject
Project("{9A19103F-16F7-4668-BE54-9A1E7A4F7556}") = "FootBall.Service", "FootBall.Service\FootBall.Service.csproj", "{E676019D-F0F9-49C0-8E49-925FAA455A6E}"
EndProject
Project("{9A19103F-16F7-4668-BE54-9A1E7A4F7556}") = "FootBall.Service.Common", "FootBall.Service.Common\FootBall.Service.Common.csproj", "{6C98399C-7891-4269-AC59-120FB9557F5F}"
EndProject
Project("{9A19103F-16F7-4668-BE54-9A1E7A4F7556}") = "FootBall.Repository", "FootBall.Repository\FootBall.Repository.csproj", "{9D8B109F-E35E-46CB-BF96-0B98FDEF6BF4}"
EndProject
Project("{9A19103F-16F7-4668-BE54-9A1E7A4F7556}") = "FootBall.Repository.Common", "FootBall.Repository.Common\FootBall.Repository.Common.csproj", "{1D07F58D-1C79-4C77-84BD-B2D8F0ADDA77}"
	ProjectSection(ProjectDependencies) = postProject
		{F1168044-D7C7-4054-96EB-7421A84FEF33} = {F1168044-D7C7-4054-96EB-7421A84FEF33}
	EndProjectSection
EndProject
Project("{9A19103F-16F7-4668-BE54-9A1E7A4F7556}") = "FootBall.Model", "FootBall.Model\FootBall.Model.csproj", "{F1168044-D7C7-4054-96EB-7421A84FEF33}"
EndProject
Project("{9A19103F-16F7-4668-BE54-9A1E7A4F7556}") = "FootBall.Common", "FootBall.Common\FootBall.Common.csproj", "{8A482297-00EC-4D88-81FD-652E625A7F78}"
EndProject
Global
	GlobalSection(SolutionConfigurationPlatforms) = preSolution
		Debug|Any CPU = Debug|Any CPU
		Release|Any CPU = Release|Any CPU
	EndGlobalSection
	GlobalSection(ProjectConfigurationPlatforms) = postSolution
		{749AB735-AA3C-4202-B863-6606B8789BC8}.Debug|Any CPU.ActiveCfg = Debug|Any CPU
		{749AB735-AA3C-4202-B863-6606B8789BC8}.Debug|Any CPU.Build.0 = Debug|Any CPU
		{749AB735-AA3C-4202-B863-6606B8789BC8}.Release|Any CPU.ActiveCfg = Release|Any CPU
		{749AB735-AA3C-4202-B863-6606B8789BC8}.Release|Any CPU.Build.0 = Release|Any CPU
		{E676019D-F0F9-49C0-8E49-925FAA455A6E}.Debug|Any CPU.ActiveCfg = Debug|Any CPU
		{E676019D-F0F9-49C0-8E49-925FAA455A6E}.Debug|Any CPU.Build.0 = Debug|Any CPU
		{E676019D-F0F9-49C0-8E49-925FAA455A6E}.Release|Any CPU.ActiveCfg = Release|Any CPU
		{E676019D-F0F9-49C0-8E49-925FAA455A6E}.Release|Any CPU.Build.0 = Release|Any CPU
		{6C98399C-7891-4269-AC59-120FB9557F5F}.Debug|Any CPU.ActiveCfg = Debug|Any CPU
		{6C98399C-7891-4269-AC59-120FB9557F5F}.Debug|Any CPU.Build.0 = Debug|Any CPU
		{6C98399C-7891-4269-AC59-120FB9557F5F}.Release|Any CPU.ActiveCfg = Release|Any CPU
		{6C98399C-7891-4269-AC59-120FB9557F5F}.Release|Any CPU.Build.0 = Release|Any CPU
		{9D8B109F-E35E-46CB-BF96-0B98FDEF6BF4}.Debug|Any CPU.ActiveCfg = Debug|Any CPU
		{9D8B109F-E35E-46CB-BF96-0B98FDEF6BF4}.Debug|Any CPU.Build.0 = Debug|Any CPU
		{9D8B109F-E35E-46CB-BF96-0B98FDEF6BF4}.Release|Any CPU.ActiveCfg = Release|Any CPU
		{9D8B109F-E35E-46CB-BF96-0B98FDEF6BF4}.Release|Any CPU.Build.0 = Release|Any CPU
		{1D07F58D-1C79-4C77-84BD-B2D8F0ADDA77}.Debug|Any CPU.ActiveCfg = Debug|Any CPU
		{1D07F58D-1C79-4C77-84BD-B2D8F0ADDA77}.Debug|Any CPU.Build.0 = Debug|Any CPU
		{1D07F58D-1C79-4C77-84BD-B2D8F0ADDA77}.Release|Any CPU.ActiveCfg = Release|Any CPU
		{1D07F58D-1C79-4C77-84BD-B2D8F0ADDA77}.Release|Any CPU.Build.0 = Release|Any CPU
		{F1168044-D7C7-4054-96EB-7421A84FEF33}.Debug|Any CPU.ActiveCfg = Debug|Any CPU
		{F1168044-D7C7-4054-96EB-7421A84FEF33}.Debug|Any CPU.Build.0 = Debug|Any CPU
		{F1168044-D7C7-4054-96EB-7421A84FEF33}.Release|Any CPU.ActiveCfg = Release|Any CPU
		{F1168044-D7C7-4054-96EB-7421A84FEF33}.Release|Any CPU.Build.0 = Release|Any CPU
		{8A482297-00EC-4D88-81FD-652E625A7F78}.Debug|Any CPU.ActiveCfg = Debug|Any CPU
		{8A482297-00EC-4D88-81FD-652E625A7F78}.Debug|Any CPU.Build.0 = Debug|Any CPU
		{8A482297-00EC-4D88-81FD-652E625A7F78}.Release|Any CPU.ActiveCfg = Release|Any CPU
		{8A482297-00EC-4D88-81FD-652E625A7F78}.Release|Any CPU.Build.0 = Release|Any CPU
	EndGlobalSection
	GlobalSection(SolutionProperties) = preSolution
		HideSolutionNode = FALSE
	EndGlobalSection
	GlobalSection(ExtensibilityGlobals) = postSolution
		SolutionGuid = {D312ECE9-CCD3-4C6B-B224-4D21894B4B4B}
	EndGlobalSection
EndGlobal
